
Microsoft Visual Studio Solution File, Format Version 12.00
# Visual Studio Version 16
VisualStudioVersion = 16.0.31515.178
MinimumVisualStudioVersion = 10.0.40219.1
Project("{9A19103F-16F7-4668-BE54-9A1E7A4F7556}") = "TwitterAPIHandler", "TwitterAPIHandler\TwitterAPIHandler.csproj", "{53CCD1ED-75C0-476B-80E8-FAC1E75ACB5A}"
EndProject
Project("{9A19103F-16F7-4668-BE54-9A1E7A4F7556}") = "UserInterface", "UserInterface\UserInterface.csproj", "{6F960F6F-8DA3-4641-98DB-00041BC4284D}"
EndProject
Project("{9A19103F-16F7-4668-BE54-9A1E7A4F7556}") = "UnitTesting", "UnitTesting\UnitTesting.csproj", "{06C854EC-3E6D-4D92-89B9-F1B1B2D08536}"
EndProject
Project("{54435603-DBB4-11D2-8724-00A0C9A8B90C}") = "Setup-x64", "Setup\Setup.vdproj", "{5E75BB33-C7E0-4916-AF69-942696662F08}"
EndProject
Project("{54435603-DBB4-11D2-8724-00A0C9A8B90C}") = "Setup-x86", "Setup-x86\Setup-x86.vdproj", "{0D848D64-FAF6-43DB-BB77-B96B59D8636C}"
EndProject
Global
	GlobalSection(SolutionConfigurationPlatforms) = preSolution
		Debug|Any CPU = Debug|Any CPU
		Release|Any CPU = Release|Any CPU
	EndGlobalSection
	GlobalSection(ProjectConfigurationPlatforms) = postSolution
		{53CCD1ED-75C0-476B-80E8-FAC1E75ACB5A}.Debug|Any CPU.ActiveCfg = Debug|Any CPU
		{53CCD1ED-75C0-476B-80E8-FAC1E75ACB5A}.Debug|Any CPU.Build.0 = Debug|Any CPU
		{53CCD1ED-75C0-476B-80E8-FAC1E75ACB5A}.Release|Any CPU.ActiveCfg = Release|Any CPU
		{53CCD1ED-75C0-476B-80E8-FAC1E75ACB5A}.Release|Any CPU.Build.0 = Release|Any CPU
		{6F960F6F-8DA3-4641-98DB-00041BC4284D}.Debug|Any CPU.ActiveCfg = Debug|Any CPU
		{6F960F6F-8DA3-4641-98DB-00041BC4284D}.Debug|Any CPU.Build.0 = Debug|Any CPU
		{6F960F6F-8DA3-4641-98DB-00041BC4284D}.Release|Any CPU.ActiveCfg = Release|Any CPU
		{6F960F6F-8DA3-4641-98DB-00041BC4284D}.Release|Any CPU.Build.0 = Release|Any CPU
		{06C854EC-3E6D-4D92-89B9-F1B1B2D08536}.Debug|Any CPU.ActiveCfg = Debug|Any CPU
		{06C854EC-3E6D-4D92-89B9-F1B1B2D08536}.Debug|Any CPU.Build.0 = Debug|Any CPU
		{06C854EC-3E6D-4D92-89B9-F1B1B2D08536}.Release|Any CPU.ActiveCfg = Release|Any CPU
		{06C854EC-3E6D-4D92-89B9-F1B1B2D08536}.Release|Any CPU.Build.0 = Release|Any CPU
		{5E75BB33-C7E0-4916-AF69-942696662F08}.Debug|Any CPU.ActiveCfg = Debug
		{5E75BB33-C7E0-4916-AF69-942696662F08}.Release|Any CPU.ActiveCfg = Release
		{0D848D64-FAF6-43DB-BB77-B96B59D8636C}.Debug|Any CPU.ActiveCfg = Debug
		{0D848D64-FAF6-43DB-BB77-B96B59D8636C}.Release|Any CPU.ActiveCfg = Release
	EndGlobalSection
	GlobalSection(SolutionProperties) = preSolution
		HideSolutionNode = FALSE
	EndGlobalSection
	GlobalSection(ExtensibilityGlobals) = postSolution
		SolutionGuid = {5751743F-0CF3-4BC2-9EA3-519D3E29A491}
	EndGlobalSection
EndGlobal
