
Microsoft Visual Studio Solution File, Format Version 12.00
# Visual Studio Version 16
VisualStudioVersion = 16.0.31515.178
MinimumVisualStudioVersion = 10.0.40219.1
Project("{FAE04EC0-301F-11D3-BF4B-00C04F79EFBC}") = "TweetAutomationProject", "TweetAutomationProject.csproj", "{03748D04-7938-4E4E-AEDE-99F2F25C038E}"
EndProject
Global
	GlobalSection(SolutionConfigurationPlatforms) = preSolution
		Debug|Any CPU = Debug|Any CPU
		Release|Any CPU = Release|Any CPU
	EndGlobalSection
	GlobalSection(ProjectConfigurationPlatforms) = postSolution
		{03748D04-7938-4E4E-AEDE-99F2F25C038E}.Debug|Any CPU.ActiveCfg = Debug|Any CPU
		{03748D04-7938-4E4E-AEDE-99F2F25C038E}.Debug|Any CPU.Build.0 = Debug|Any CPU
		{03748D04-7938-4E4E-AEDE-99F2F25C038E}.Release|Any CPU.ActiveCfg = Release|Any CPU
		{03748D04-7938-4E4E-AEDE-99F2F25C038E}.Release|Any CPU.Build.0 = Release|Any CPU
	EndGlobalSection
	GlobalSection(SolutionProperties) = preSolution
		HideSolutionNode = FALSE
	EndGlobalSection
	GlobalSection(ExtensibilityGlobals) = postSolution
		SolutionGuid = {5751743F-0CF3-4BC2-9EA3-519D3E29A491}
	EndGlobalSection
EndGlobal
